
Microsoft Visual Studio Solution File, Format Version 12.00
# Visual Studio 15
VisualStudioVersion = 15.0.27428.2037
MinimumVisualStudioVersion = 10.0.40219.1
Project("{FAE04EC0-301F-11D3-BF4B-00C04F79EFBC}") = "BoardF", "BoardF\BoardF.csproj", "{22F47DBF-3223-49C6-8EAE-D91BA4A59A96}"
EndProject
Project("{FAE04EC0-301F-11D3-BF4B-00C04F79EFBC}") = "BoardFTests", "BoardFTests\BoardFTests.csproj", "{8564EA8F-90B4-405D-9CA6-86B88D7DFB6C}"
EndProject
Project("{FAE04EC0-301F-11D3-BF4B-00C04F79EFBC}") = "WindowGameF", "WindowGameF\WindowGameF.csproj", "{477BC2B0-5647-4314-ADB0-41623F5459DA}"
EndProject
Global
	GlobalSection(SolutionConfigurationPlatforms) = preSolution
		Debug|Any CPU = Debug|Any CPU
		Release|Any CPU = Release|Any CPU
	EndGlobalSection
	GlobalSection(ProjectConfigurationPlatforms) = postSolution
		{22F47DBF-3223-49C6-8EAE-D91BA4A59A96}.Debug|Any CPU.ActiveCfg = Debug|Any CPU
		{22F47DBF-3223-49C6-8EAE-D91BA4A59A96}.Debug|Any CPU.Build.0 = Debug|Any CPU
		{22F47DBF-3223-49C6-8EAE-D91BA4A59A96}.Release|Any CPU.ActiveCfg = Release|Any CPU
		{22F47DBF-3223-49C6-8EAE-D91BA4A59A96}.Release|Any CPU.Build.0 = Release|Any CPU
		{8564EA8F-90B4-405D-9CA6-86B88D7DFB6C}.Debug|Any CPU.ActiveCfg = Debug|Any CPU
		{8564EA8F-90B4-405D-9CA6-86B88D7DFB6C}.Debug|Any CPU.Build.0 = Debug|Any CPU
		{8564EA8F-90B4-405D-9CA6-86B88D7DFB6C}.Release|Any CPU.ActiveCfg = Release|Any CPU
		{8564EA8F-90B4-405D-9CA6-86B88D7DFB6C}.Release|Any CPU.Build.0 = Release|Any CPU
		{477BC2B0-5647-4314-ADB0-41623F5459DA}.Debug|Any CPU.ActiveCfg = Debug|Any CPU
		{477BC2B0-5647-4314-ADB0-41623F5459DA}.Debug|Any CPU.Build.0 = Debug|Any CPU
		{477BC2B0-5647-4314-ADB0-41623F5459DA}.Release|Any CPU.ActiveCfg = Release|Any CPU
		{477BC2B0-5647-4314-ADB0-41623F5459DA}.Release|Any CPU.Build.0 = Release|Any CPU
	EndGlobalSection
	GlobalSection(SolutionProperties) = preSolution
		HideSolutionNode = FALSE
	EndGlobalSection
	GlobalSection(ExtensibilityGlobals) = postSolution
		SolutionGuid = {11E7C36F-CEAF-4C54-8B70-7D5F48C491BC}
	EndGlobalSection
EndGlobal
